github.com/davecgh/go-spew v1.1.1/go.mod h1:J7Y8YcW2NihsgmVo/mv3lAwl/skON4iLHjSsI+c5H38=
github.com/pmezard/go-difflib v1.0.0/go.mod h1:iKH77koFhYxTK1pcRnkKkqfTogsbg7gZNVY4sRDYZ/4=
github.com/satori/go.uuid v1.2.1-0.20181028125025-b2ce2384e17b h1:gQZ0qzfKHQIybLANtM3mBXNUtOfsCFXeTsnBqCsx1KM=
github.com/satori/go.uuid v1.2.1-0.20181028125025-b2ce2384e17b/go.mod h1:dA0hQrYB0VpLJoorglMZABFdXlWrHn1NEOzdhQKdks0=
github.com/stretchr/objx v0.1.1/go.mod h1:HFkY916IF+rwdDfMAkV7OtwuqBVzrE8GR6GFx+wExME=
github.com/stretchr/testify v1.2.2/go.mod h1:a8OnRcib4nhh0OaRAV+Yts87kKdq0PP7pXfy6kDkUVs=
gitlab.devtools.intel.com/sst/isecl/lib/common v0.0.0-20190102215830-f9c9e2da84e8 h1:62rJ4cTu7VN3xaRiGIuWhdSvHY/2rNvCXx+Ks8WjqSI=
gitlab.devtools.intel.com/sst/isecl/lib/common v0.0.0-20190102215830-f9c9e2da84e8/go.mod h1:QoBuIKg0Olk/c0420oq1X87FqNfzduAA38tFMqDRU+8=
gitlab.devtools.intel.com/sst/isecl/lib/flavor v0.0.0-20181206181952-1ec1e81fed41 h1:Lcn5jx9SIzKgUoz+SnBtv27iYb63gkds3/Wukrbu5Dk=
gitlab.devtools.intel.com/sst/isecl/lib/flavor v0.0.0-20181206181952-1ec1e81fed41/go.mod h1:fCTEU9j0ghUk5WedUJokcVkjOym9WdeXhakwa+gH8u0=
gitlab.devtools.intel.com/sst/isecl/lib/platform-info v0.0.0-20181206180455-b2908f06aa05 h1:UUgIdzDHcYBGsZq79lCQ34U8VflleBysVS3Lg+yk9PA=
gitlab.devtools.intel.com/sst/isecl/lib/platform-info v0.0.0-20181206180455-b2908f06aa05/go.mod h1:1We2xCl3xJAmr9HAE8bwFCdsLdDNQ49UkKaE28wqcXI=
gitlab.devtools.intel.com/sst/isecl/lib/tpm v0.0.0-20181212192313-a74fef1b8042 h1:6AxIAcC3GIBTT0EzoZIF3xyCBwJVW2FqDIQOu8WEsU0=
gitlab.devtools.intel.com/sst/isecl/lib/tpm v0.0.0-20181212192313-a74fef1b8042/go.mod h1:62xfWzBUdnhl5BtgAi2jBXzrECjKPPLWfGUC1PbL97o=
gitlab.devtools.intel.com/sst/isecl/lib/tpm v0.0.0-20190108014617-bb939ece6600 h1:91p1F37adKyqv8L1OWxasGBs3dffNx2V9Gc+hNKEajE=
gitlab.devtools.intel.com/sst/isecl/lib/tpm v0.0.0-20190108014617-bb939ece6600/go.mod h1:62xfWzBUdnhl5BtgAi2jBXzrECjKPPLWfGUC1PbL97o=
gitlab.devtools.intel.com/sst/isecl/lib/verifier v0.0.0-20181221212114-b1d5e4114406 h1:70NKhkDleOebcl8UjGSPvoTR+i9cKQlSe80EYorfSMo=
gitlab.devtools.intel.com/sst/isecl/lib/verifier v0.0.0-20181221212114-b1d5e4114406/go.mod h1:TqnNionUhfQZQpvawZxZN/D2JSzAuthFC7NCBH38l0M=
gitlab.devtools.intel.com/sst/isecl/lib/volume-management v0.0.0-20181206215408-38309deeadf7 h1:UHIFJNE5YfKsztHi+/jqPsZjZLL+6NXR3U1P/MDXo6Q=
gitlab.devtools.intel.com/sst/isecl/lib/volume-management v0.0.0-20181206215408-38309deeadf7/go.mod h1:r8ilKDe5Das4vC+rXK/Th9fVQSmVQVV1yhZsxluvq10=
golang.org/x/sys v0.0.0-20181107165924-66b7b1311ac8/go.mod h1:STP8DvDyc/dI5b8T5hshtkjS+E42TnysNCUPdjciGhY=
